
Microsoft Visual Studio Solution File, Format Version 12.00
# Visual Studio Version 17
VisualStudioVersion = 17.8.34525.116
MinimumVisualStudioVersion = 10.0.40219.1
Project("{FAE04EC0-301F-11D3-BF4B-00C04F79EFBC}") = "AzureCreateRootCert", "AzureCreateRootCert\AzureCreateRootCert.csproj", "{78C2DE7A-F364-4D24-AB36-D3EAAC06F601}"
EndProject
Global
	GlobalSection(SolutionConfigurationPlatforms) = preSolution
		Debug|Any CPU = Debug|Any CPU
		Release|Any CPU = Release|Any CPU
	EndGlobalSection
	GlobalSection(ProjectConfigurationPlatforms) = postSolution
		{78C2DE7A-F364-4D24-AB36-D3EAAC06F601}.Debug|Any CPU.ActiveCfg = Debug|Any CPU
		{78C2DE7A-F364-4D24-AB36-D3EAAC06F601}.Debug|Any CPU.Build.0 = Debug|Any CPU
		{78C2DE7A-F364-4D24-AB36-D3EAAC06F601}.Release|Any CPU.ActiveCfg = Release|Any CPU
		{78C2DE7A-F364-4D24-AB36-D3EAAC06F601}.Release|Any CPU.Build.0 = Release|Any CPU
	EndGlobalSection
	GlobalSection(SolutionProperties) = preSolution
		HideSolutionNode = FALSE
	EndGlobalSection
	GlobalSection(ExtensibilityGlobals) = postSolution
		SolutionGuid = {8AFF25E8-F36C-4986-ABEC-7AFEA67BDDAF}
	EndGlobalSection
EndGlobal
