<Solution>
  <Project Path="AzureDeleteCert/AzureDeleteCert.csproj" />
  <Project Path="D:/ProjectsPersonal/CryptoTools/src/AzureCertTools/AzureCertCore/AzureCertCore.csproj" />
  <Project Path="D:/ProjectsPersonal/CryptoTools/src/AzureCertTools/AzureCreateIntermediateCert/AzureCreateIntermediateCert.csproj" />
  <Project Path="D:/ProjectsPersonal/CryptoTools/src/AzureCertTools/AzureCreateRootCert/AzureCreateRootCert.csproj" />
  <Project Path="D:/ProjectsPersonal/CryptoTools/src/AzureCertTools/AzureCreateSigningCert/AzureCreateSigningCert.csproj" />
  <Project Path="D:/ProjectsPersonal/CryptoTools/src/AzureCertTools/AzureCreateSslServerCert/AzureCreateSslServerCert.csproj" />
</Solution>
