
Microsoft Visual Studio Solution File, Format Version 12.00
# Visual Studio Version 17
VisualStudioVersion = 17.8.34525.116
MinimumVisualStudioVersion = 10.0.40219.1
Project("{9A19103F-16F7-4668-BE54-9A1E7A4F7556}") = "AzureCreateRootCert", "AzureCreateRootCert\AzureCreateRootCert.csproj", "{78C2DE7A-F364-4D24-AB36-D3EAAC06F601}"
EndProject
Project("{9A19103F-16F7-4668-BE54-9A1E7A4F7556}") = "AzureCreateSigningCert", "AzureCreateSigningCert\AzureCreateSigningCert.csproj", "{55C1F146-37C5-4C44-8793-11A220628135}"
EndProject
Project("{FAE04EC0-301F-11D3-BF4B-00C04F79EFBC}") = "AzureCertCore", "AzureCertCore\AzureCertCore.csproj", "{84B57FBE-F5A4-4857-8601-9A9F3E5A616D}"
EndProject
Project("{FAE04EC0-301F-11D3-BF4B-00C04F79EFBC}") = "AzureCreateIntermediateCert", "AzureCreateIntermediateCert\AzureCreateIntermediateCert.csproj", "{EAC89338-876B-40B0-C2B2-09541671D6E5}"
EndProject
Project("{FAE04EC0-301F-11D3-BF4B-00C04F79EFBC}") = "AzureCreateSslServerCert", "AzureCreateSslServerCert\AzureCreateSslServerCert.csproj", "{C967FD03-A2D3-474A-A793-AEF39C8F0862}"
EndProject
Global
	GlobalSection(SolutionConfigurationPlatforms) = preSolution
		Debug|Any CPU = Debug|Any CPU
		Release|Any CPU = Release|Any CPU
	EndGlobalSection
	GlobalSection(ProjectConfigurationPlatforms) = postSolution
		{78C2DE7A-F364-4D24-AB36-D3EAAC06F601}.Debug|Any CPU.ActiveCfg = Debug|Any CPU
		{78C2DE7A-F364-4D24-AB36-D3EAAC06F601}.Debug|Any CPU.Build.0 = Debug|Any CPU
		{78C2DE7A-F364-4D24-AB36-D3EAAC06F601}.Release|Any CPU.ActiveCfg = Release|Any CPU
		{78C2DE7A-F364-4D24-AB36-D3EAAC06F601}.Release|Any CPU.Build.0 = Release|Any CPU
		{55C1F146-37C5-4C44-8793-11A220628135}.Debug|Any CPU.ActiveCfg = Debug|Any CPU
		{55C1F146-37C5-4C44-8793-11A220628135}.Debug|Any CPU.Build.0 = Debug|Any CPU
		{55C1F146-37C5-4C44-8793-11A220628135}.Release|Any CPU.ActiveCfg = Release|Any CPU
		{55C1F146-37C5-4C44-8793-11A220628135}.Release|Any CPU.Build.0 = Release|Any CPU
		{84B57FBE-F5A4-4857-8601-9A9F3E5A616D}.Debug|Any CPU.ActiveCfg = Debug|Any CPU
		{84B57FBE-F5A4-4857-8601-9A9F3E5A616D}.Debug|Any CPU.Build.0 = Debug|Any CPU
		{84B57FBE-F5A4-4857-8601-9A9F3E5A616D}.Release|Any CPU.ActiveCfg = Release|Any CPU
		{84B57FBE-F5A4-4857-8601-9A9F3E5A616D}.Release|Any CPU.Build.0 = Release|Any CPU
		{EAC89338-876B-40B0-C2B2-09541671D6E5}.Debug|Any CPU.ActiveCfg = Debug|Any CPU
		{EAC89338-876B-40B0-C2B2-09541671D6E5}.Debug|Any CPU.Build.0 = Debug|Any CPU
		{EAC89338-876B-40B0-C2B2-09541671D6E5}.Release|Any CPU.ActiveCfg = Release|Any CPU
		{EAC89338-876B-40B0-C2B2-09541671D6E5}.Release|Any CPU.Build.0 = Release|Any CPU
		{C967FD03-A2D3-474A-A793-AEF39C8F0862}.Debug|Any CPU.ActiveCfg = Debug|Any CPU
		{C967FD03-A2D3-474A-A793-AEF39C8F0862}.Debug|Any CPU.Build.0 = Debug|Any CPU
		{C967FD03-A2D3-474A-A793-AEF39C8F0862}.Release|Any CPU.ActiveCfg = Release|Any CPU
		{C967FD03-A2D3-474A-A793-AEF39C8F0862}.Release|Any CPU.Build.0 = Release|Any CPU
	EndGlobalSection
	GlobalSection(SolutionProperties) = preSolution
		HideSolutionNode = FALSE
	EndGlobalSection
	GlobalSection(ExtensibilityGlobals) = postSolution
		SolutionGuid = {8AFF25E8-F36C-4986-ABEC-7AFEA67BDDAF}
	EndGlobalSection
EndGlobal
