<Solution>
  <Folder Name="/Solution Items/">
    <File Path="Directory.Build.props" />
    <File Path="Directory.Packages.props" />
  </Folder>
  <Project Path="AzureDeleteCert/AzureDeleteCert.csproj" />
  <Project Path="AzureCertCore/AzureCertCore.csproj" />
  <Project Path="AzureCertCore/tests/AzureCertCoreTests/AzureCertCoreTests.csproj" />
  <Project Path="AzureCreateIntermediateCert/AzureCreateIntermediateCert.csproj" />
  <Project Path="AzureCreateRootCert/src/AzureCreateRootCert.csproj" />
  <Project Path="AzureCreateRootCert/tests/AzureCreateRootCertTests/AzureCreateRootCertTests.csproj" />
  <Project Path="AzureCreateSigningCert/AzureCreateSigningCert.csproj" />
  <Project Path="AzureCreateSslServerCert/AzureCreateSslServerCert.csproj" />
</Solution>
