<Solution>
  <Folder Name="/Solution Items/">
    <File Path="Directory.Build.props" />
    <File Path="Directory.Packages.props" />
  </Folder>
  <Project Path="CertCore/src/CertCore.csproj" />
  <Project Path="CreateRootCert/src/CreateRootCert.csproj" />
  <Project Path="CreateSigningCert/src/CreateSigningCert.csproj" />
</Solution>
